// !$*UTF8*$!
{
	archiveVersion = 1;
	classes = {
	};
	objectVersion = 45;
	objects = {

/* Begin PBXBuildFile section */
		3070D40D1250AD9200676020 /* libMusiXmatch.a in Frameworks */ = {isa = PBXBuildFile; fileRef = D2AAC07E0554694100DB518D /* libMusiXmatch.a */; };
		3070D4111250ADB400676020 /* MusiXmatchService.h in Headers */ = {isa = PBXBuildFile; fileRef = 3070D40F1250ADB400676020 /* MusiXmatchService.h */; };
		3070D4121250ADB400676020 /* MusiXmatchService.m in Sources */ = {isa = PBXBuildFile; fileRef = 3070D4101250ADB400676020 /* MusiXmatchService.m */; };
		3070D4181250B11700676020 /* SZJsonParser.h in Headers */ = {isa = PBXBuildFile; fileRef = 3070D4161250B11700676020 /* SZJsonParser.h */; };
		3070D4191250B11700676020 /* SZJsonParser.m in Sources */ = {isa = PBXBuildFile; fileRef = 3070D4171250B11700676020 /* SZJsonParser.m */; };
		3070D4351250B40E00676020 /* Artist.h in Headers */ = {isa = PBXBuildFile; fileRef = 3070D4331250B40E00676020 /* Artist.h */; };
		3070D4361250B40E00676020 /* Artist.m in Sources */ = {isa = PBXBuildFile; fileRef = 3070D4341250B40E00676020 /* Artist.m */; };
		3070D43E1250B59100676020 /* Track.h in Headers */ = {isa = PBXBuildFile; fileRef = 3070D43C1250B59100676020 /* Track.h */; };
		3070D43F1250B59100676020 /* Track.m in Sources */ = {isa = PBXBuildFile; fileRef = 3070D43D1250B59100676020 /* Track.m */; };
		3070D4B81250C50600676020 /* main.m in Sources */ = {isa = PBXBuildFile; fileRef = 3070D4B21250C46C00676020 /* main.m */; };
		3070D4D21250C57D00676020 /* NSString+Extensions.h in Headers */ = {isa = PBXBuildFile; fileRef = 3070D4D01250C57D00676020 /* NSString+Extensions.h */; };
		3070D4D31250C57D00676020 /* NSString+Extensions.m in Sources */ = {isa = PBXBuildFile; fileRef = 3070D4D11250C57D00676020 /* NSString+Extensions.m */; };
		D2AAC088055469A000DB518D /* Cocoa.framework in Frameworks */ = {isa = PBXBuildFile; fileRef = 1058C7B1FEA5585E11CA2CBB /* Cocoa.framework */; };
/* End PBXBuildFile section */

/* Begin PBXContainerItemProxy section */
		3070D4DC1250C62100676020 /* PBXContainerItemProxy */ = {
			isa = PBXContainerItemProxy;
			containerPortal = 0867D690FE84028FC02AAC07 /* Project object */;
			proxyType = 1;
			remoteGlobalIDString = D2AAC07D0554694100DB518D /* MusiXmatch */;
			remoteInfo = MusiXmatch;
		};
/* End PBXContainerItemProxy section */

/* Begin PBXFileReference section */
		0867D69BFE84028FC02AAC07 /* Foundation.framework */ = {isa = PBXFileReference; lastKnownFileType = wrapper.framework; name = Foundation.framework; path = /System/Library/Frameworks/Foundation.framework; sourceTree = "<absolute>"; };
		0867D6A5FE840307C02AAC07 /* AppKit.framework */ = {isa = PBXFileReference; lastKnownFileType = wrapper.framework; name = AppKit.framework; path = /System/Library/Frameworks/AppKit.framework; sourceTree = "<absolute>"; };
		1058C7B1FEA5585E11CA2CBB /* Cocoa.framework */ = {isa = PBXFileReference; lastKnownFileType = wrapper.framework; name = Cocoa.framework; path = /System/Library/Frameworks/Cocoa.framework; sourceTree = "<absolute>"; };
		3070D4091250AD7F00676020 /* TestDriver */ = {isa = PBXFileReference; explicitFileType = "compiled.mach-o.executable"; includeInIndex = 0; path = TestDriver; sourceTree = BUILT_PRODUCTS_DIR; };
		3070D40F1250ADB400676020 /* MusiXmatchService.h */ = {isa = PBXFileReference; fileEncoding = 4; lastKnownFileType = sourcecode.c.h; name = MusiXmatchService.h; path = Classes/MusiXmatchService.h; sourceTree = "<group>"; };
		3070D4101250ADB400676020 /* MusiXmatchService.m */ = {isa = PBXFileReference; fileEncoding = 4; lastKnownFileType = sourcecode.c.objc; name = MusiXmatchService.m; path = Classes/MusiXmatchService.m; sourceTree = "<group>"; };
		3070D4161250B11700676020 /* SZJsonParser.h */ = {isa = PBXFileReference; fileEncoding = 4; lastKnownFileType = sourcecode.c.h; name = SZJsonParser.h; path = Classes/SZJsonParser.h; sourceTree = "<group>"; };
		3070D4171250B11700676020 /* SZJsonParser.m */ = {isa = PBXFileReference; fileEncoding = 4; lastKnownFileType = sourcecode.c.objc; name = SZJsonParser.m; path = Classes/SZJsonParser.m; sourceTree = "<group>"; };
		3070D4331250B40E00676020 /* Artist.h */ = {isa = PBXFileReference; fileEncoding = 4; lastKnownFileType = sourcecode.c.h; name = Artist.h; path = Classes/Artist.h; sourceTree = "<group>"; };
		3070D4341250B40E00676020 /* Artist.m */ = {isa = PBXFileReference; fileEncoding = 4; lastKnownFileType = sourcecode.c.objc; name = Artist.m; path = Classes/Artist.m; sourceTree = "<group>"; };
		3070D43C1250B59100676020 /* Track.h */ = {isa = PBXFileReference; fileEncoding = 4; lastKnownFileType = sourcecode.c.h; name = Track.h; path = Classes/Track.h; sourceTree = "<group>"; };
		3070D43D1250B59100676020 /* Track.m */ = {isa = PBXFileReference; fileEncoding = 4; lastKnownFileType = sourcecode.c.objc; name = Track.m; path = Classes/Track.m; sourceTree = "<group>"; };
		3070D4B21250C46C00676020 /* main.m */ = {isa = PBXFileReference; fileEncoding = 4; lastKnownFileType = sourcecode.c.objc; path = main.m; sourceTree = "<group>"; };
		3070D4D01250C57D00676020 /* NSString+Extensions.h */ = {isa = PBXFileReference; fileEncoding = 4; lastKnownFileType = sourcecode.c.h; name = "NSString+Extensions.h"; path = "Classes/NSString+Extensions.h"; sourceTree = "<group>"; };
		3070D4D11250C57D00676020 /* NSString+Extensions.m */ = {isa = PBXFileReference; fileEncoding = 4; lastKnownFileType = sourcecode.c.objc; name = "NSString+Extensions.m"; path = "Classes/NSString+Extensions.m"; sourceTree = "<group>"; };
		32DBCF5E0370ADEE00C91783 /* MusiXmatch_Prefix.pch */ = {isa = PBXFileReference; fileEncoding = 4; lastKnownFileType = sourcecode.c.h; path = MusiXmatch_Prefix.pch; sourceTree = "<group>"; };
		D2AAC07E0554694100DB518D /* libMusiXmatch.a */ = {isa = PBXFileReference; explicitFileType = archive.ar; includeInIndex = 0; path = libMusiXmatch.a; sourceTree = BUILT_PRODUCTS_DIR; };
		D2F7E8BE07B2D77200F64583 /* CoreData.framework */ = {isa = PBXFileReference; lastKnownFileType = wrapper.framework; name = CoreData.framework; path = /System/Library/Frameworks/CoreData.framework; sourceTree = "<absolute>"; };
/* End PBXFileReference section */

/* Begin PBXFrameworksBuildPhase section */
		3070D4071250AD7F00676020 /* Frameworks */ = {
			isa = PBXFrameworksBuildPhase;
			buildActionMask = 2147483647;
			files = (
				3070D40D1250AD9200676020 /* libMusiXmatch.a in Frameworks */,
			);
			runOnlyForDeploymentPostprocessing = 0;
		};
		D2AAC07C0554694100DB518D /* Frameworks */ = {
			isa = PBXFrameworksBuildPhase;
			buildActionMask = 2147483647;
			files = (
				D2AAC088055469A000DB518D /* Cocoa.framework in Frameworks */,
			);
			runOnlyForDeploymentPostprocessing = 0;
		};
/* End PBXFrameworksBuildPhase section */

/* Begin PBXGroup section */
		034768DFFF38A50411DB9C8B /* Products */ = {
			isa = PBXGroup;
			children = (
				D2AAC07E0554694100DB518D /* libMusiXmatch.a */,
				3070D4091250AD7F00676020 /* TestDriver */,
			);
			name = Products;
			sourceTree = "<group>";
		};
		0867D691FE84028FC02AAC07 /* MusiXmatch */ = {
			isa = PBXGroup;
			children = (
				08FB77AEFE84172EC02AAC07 /* Classes */,
				32C88DFF0371C24200C91783 /* Other Sources */,
				0867D69AFE84028FC02AAC07 /* External Frameworks and Libraries */,
				034768DFFF38A50411DB9C8B /* Products */,
			);
			name = MusiXmatch;
			sourceTree = "<group>";
		};
		0867D69AFE84028FC02AAC07 /* External Frameworks and Libraries */ = {
			isa = PBXGroup;
			children = (
				1058C7B0FEA5585E11CA2CBB /* Linked Frameworks */,
				1058C7B2FEA5585E11CA2CBB /* Other Frameworks */,
			);
			name = "External Frameworks and Libraries";
			sourceTree = "<group>";
		};
		08FB77AEFE84172EC02AAC07 /* Classes */ = {
			isa = PBXGroup;
			children = (
				3070D4CF1250C57100676020 /* Extensions */,
				3070D4131250B10200676020 /* JSON */,
				3070D4331250B40E00676020 /* Artist.h */,
				3070D4341250B40E00676020 /* Artist.m */,
				3070D43C1250B59100676020 /* Track.h */,
				3070D43D1250B59100676020 /* Track.m */,
				3070D40F1250ADB400676020 /* MusiXmatchService.h */,
				3070D4101250ADB400676020 /* MusiXmatchService.m */,
			);
			name = Classes;
			sourceTree = "<group>";
		};
		1058C7B0FEA5585E11CA2CBB /* Linked Frameworks */ = {
			isa = PBXGroup;
			children = (
				1058C7B1FEA5585E11CA2CBB /* Cocoa.framework */,
			);
			name = "Linked Frameworks";
			sourceTree = "<group>";
		};
		1058C7B2FEA5585E11CA2CBB /* Other Frameworks */ = {
			isa = PBXGroup;
			children = (
				0867D6A5FE840307C02AAC07 /* AppKit.framework */,
				D2F7E8BE07B2D77200F64583 /* CoreData.framework */,
				0867D69BFE84028FC02AAC07 /* Foundation.framework */,
			);
			name = "Other Frameworks";
			sourceTree = "<group>";
		};
		3070D4131250B10200676020 /* JSON */ = {
			isa = PBXGroup;
			children = (
				3070D4161250B11700676020 /* SZJsonParser.h */,
				3070D4171250B11700676020 /* SZJsonParser.m */,
			);
			name = JSON;
			sourceTree = "<group>";
		};
		3070D4CF1250C57100676020 /* Extensions */ = {
			isa = PBXGroup;
			children = (
				3070D4D01250C57D00676020 /* NSString+Extensions.h */,
				3070D4D11250C57D00676020 /* NSString+Extensions.m */,
			);
			name = Extensions;
			sourceTree = "<group>";
		};
		32C88DFF0371C24200C91783 /* Other Sources */ = {
			isa = PBXGroup;
			children = (
				32DBCF5E0370ADEE00C91783 /* MusiXmatch_Prefix.pch */,
				3070D4B21250C46C00676020 /* main.m */,
			);
			name = "Other Sources";
			sourceTree = "<group>";
		};
/* End PBXGroup section */

/* Begin PBXHeadersBuildPhase section */
		D2AAC07A0554694100DB518D /* Headers */ = {
			isa = PBXHeadersBuildPhase;
			buildActionMask = 2147483647;
			files = (
				3070D4111250ADB400676020 /* MusiXmatchService.h in Headers */,
				3070D4181250B11700676020 /* SZJsonParser.h in Headers */,
				3070D4351250B40E00676020 /* Artist.h in Headers */,
				3070D43E1250B59100676020 /* Track.h in Headers */,
				3070D4D21250C57D00676020 /* NSString+Extensions.h in Headers */,
			);
			runOnlyForDeploymentPostprocessing = 0;
		};
/* End PBXHeadersBuildPhase section */

/* Begin PBXNativeTarget section */
		3070D4081250AD7F00676020 /* TestDriver */ = {
			isa = PBXNativeTarget;
			buildConfigurationList = 3070D40E1250ADB100676020 /* Build configuration list for PBXNativeTarget "TestDriver" */;
			buildPhases = (
				3070D4061250AD7F00676020 /* Sources */,
				3070D4071250AD7F00676020 /* Frameworks */,
			);
			buildRules = (
			);
			dependencies = (
				3070D4DD1250C62100676020 /* PBXTargetDependency */,
			);
			name = TestDriver;
			productName = TestDriver;
			productReference = 3070D4091250AD7F00676020 /* TestDriver */;
			productType = "com.apple.product-type.tool";
		};
		D2AAC07D0554694100DB518D /* MusiXmatch */ = {
			isa = PBXNativeTarget;
			buildConfigurationList = 1DEB921E08733DC00010E9CD /* Build configuration list for PBXNativeTarget "MusiXmatch" */;
			buildPhases = (
				D2AAC07A0554694100DB518D /* Headers */,
				D2AAC07B0554694100DB518D /* Sources */,
				D2AAC07C0554694100DB518D /* Frameworks */,
			);
			buildRules = (
			);
			dependencies = (
			);
			name = MusiXmatch;
			productName = MusiXmatch;
			productReference = D2AAC07E0554694100DB518D /* libMusiXmatch.a */;
			productType = "com.apple.product-type.library.static";
		};
/* End PBXNativeTarget section */

/* Begin PBXProject section */
		0867D690FE84028FC02AAC07 /* Project object */ = {
			isa = PBXProject;
			buildConfigurationList = 1DEB922208733DC00010E9CD /* Build configuration list for PBXProject "MusiXmatch" */;
			compatibilityVersion = "Xcode 3.1";
			developmentRegion = English;
			hasScannedForEncodings = 1;
			knownRegions = (
				English,
				Japanese,
				French,
				German,
			);
			mainGroup = 0867D691FE84028FC02AAC07 /* MusiXmatch */;
			productRefGroup = 034768DFFF38A50411DB9C8B /* Products */;
			projectDirPath = "";
			projectRoot = "";
			targets = (
				D2AAC07D0554694100DB518D /* MusiXmatch */,
				3070D4081250AD7F00676020 /* TestDriver */,
			);
		};
/* End PBXProject section */

/* Begin PBXSourcesBuildPhase section */
		3070D4061250AD7F00676020 /* Sources */ = {
			isa = PBXSourcesBuildPhase;
			buildActionMask = 2147483647;
			files = (
				3070D4B81250C50600676020 /* main.m in Sources */,
			);
			runOnlyForDeploymentPostprocessing = 0;
		};
		D2AAC07B0554694100DB518D /* Sources */ = {
			isa = PBXSourcesBuildPhase;
			buildActionMask = 2147483647;
			files = (
				3070D4121250ADB400676020 /* MusiXmatchService.m in Sources */,
				3070D4191250B11700676020 /* SZJsonParser.m in Sources */,
				3070D4361250B40E00676020 /* Artist.m in Sources */,
				3070D43F1250B59100676020 /* Track.m in Sources */,
				3070D4D31250C57D00676020 /* NSString+Extensions.m in Sources */,
			);
			runOnlyForDeploymentPostprocessing = 0;
		};
/* End PBXSourcesBuildPhase section */

/* Begin PBXTargetDependency section */
		3070D4DD1250C62100676020 /* PBXTargetDependency */ = {
			isa = PBXTargetDependency;
			target = D2AAC07D0554694100DB518D /* MusiXmatch */;
			targetProxy = 3070D4DC1250C62100676020 /* PBXContainerItemProxy */;
		};
/* End PBXTargetDependency section */

/* Begin XCBuildConfiguration section */
		1DEB921F08733DC00010E9CD /* Debug */ = {
			isa = XCBuildConfiguration;
			buildSettings = {
				ALWAYS_SEARCH_USER_PATHS = NO;
				ARCHS = "$(ARCHS_STANDARD_32_64_BIT)";
				COPY_PHASE_STRIP = NO;
				GCC_DYNAMIC_NO_PIC = NO;
				GCC_ENABLE_FIX_AND_CONTINUE = YES;
				GCC_MODEL_TUNING = G5;
				GCC_OPTIMIZATION_LEVEL = 0;
				GCC_PRECOMPILE_PREFIX_HEADER = YES;
				GCC_PREFIX_HEADER = MusiXmatch_Prefix.pch;
				INSTALL_PATH = /usr/local/lib;
				ONLY_ACTIVE_ARCH = YES;
				PRODUCT_NAME = MusiXmatch;
			};
			name = Debug;
		};
		1DEB922008733DC00010E9CD /* Release */ = {
			isa = XCBuildConfiguration;
			buildSettings = {
				ALWAYS_SEARCH_USER_PATHS = NO;
				ARCHS = "$(ARCHS_STANDARD_32_BIT)";
				DEBUG_INFORMATION_FORMAT = "dwarf-with-dsym";
				GCC_MODEL_TUNING = G5;
				GCC_PRECOMPILE_PREFIX_HEADER = YES;
				GCC_PREFIX_HEADER = MusiXmatch_Prefix.pch;
				INSTALL_PATH = /usr/local/lib;
				PRODUCT_NAME = MusiXmatch;
			};
			name = Release;
		};
		1DEB922308733DC00010E9CD /* Debug */ = {
			isa = XCBuildConfiguration;
			buildSettings = {
				ARCHS = "$(ARCHS_STANDARD_32_64_BIT)";
				GCC_C_LANGUAGE_STANDARD = gnu99;
				GCC_OPTIMIZATION_LEVEL = 0;
				GCC_WARN_ABOUT_RETURN_TYPE = YES;
				GCC_WARN_UNUSED_VARIABLE = YES;
				ONLY_ACTIVE_ARCH = YES;
				OTHER_LDFLAGS = "-ObjC";
				PREBINDING = NO;
				SDKROOT = macosx10.6;
			};
			name = Debug;
		};
		1DEB922408733DC00010E9CD /* Release */ = {
			isa = XCBuildConfiguration;
			buildSettings = {
				ARCHS = "$(ARCHS_STANDARD_32_64_BIT)";
				GCC_C_LANGUAGE_STANDARD = gnu99;
				GCC_WARN_ABOUT_RETURN_TYPE = YES;
				GCC_WARN_UNUSED_VARIABLE = YES;
				OTHER_LDFLAGS = "-ObjC";
				PREBINDING = NO;
				SDKROOT = macosx10.6;
			};
			name = Release;
		};
		3070D40B1250AD8000676020 /* Debug */ = {
			isa = XCBuildConfiguration;
			buildSettings = {
				ALWAYS_SEARCH_USER_PATHS = NO;
				COPY_PHASE_STRIP = NO;
				GCC_DYNAMIC_NO_PIC = NO;
				GCC_ENABLE_FIX_AND_CONTINUE = YES;
				GCC_MODEL_TUNING = G5;
				GCC_OPTIMIZATION_LEVEL = 0;
				GCC_PRECOMPILE_PREFIX_HEADER = YES;
				GCC_PREFIX_HEADER = "$(SYSTEM_LIBRARY_DIR)/Frameworks/AppKit.framework/Headers/AppKit.h";
				INSTALL_PATH = /usr/local/bin;
				OTHER_LDFLAGS = (
					"-framework",
					Foundation,
					"-framework",
					AppKit,
					"-ObjC",
					"-all_load",
				);
				PREBINDING = NO;
				PRODUCT_NAME = TestDriver;
			};
			name = Debug;
		};
		3070D40C1250AD8000676020 /* Release */ = {
			isa = XCBuildConfiguration;
			buildSettings = {
				ALWAYS_SEARCH_USER_PATHS = NO;
				COPY_PHASE_STRIP = YES;
				DEBUG_INFORMATION_FORMAT = "dwarf-with-dsym";
				GCC_ENABLE_FIX_AND_CONTINUE = NO;
				GCC_MODEL_TUNING = G5;
				GCC_PRECOMPILE_PREFIX_HEADER = YES;
				GCC_PREFIX_HEADER = "$(SYSTEM_LIBRARY_DIR)/Frameworks/AppKit.framework/Headers/AppKit.h";
				INSTALL_PATH = /usr/local/bin;
				OTHER_LDFLAGS = (
					"-framework",
					Foundation,
					"-framework",
					AppKit,
					"-ObjC",
					"-all_load",
				);
				PREBINDING = NO;
				PRODUCT_NAME = TestDriver;
				ZERO_LINK = NO;
			};
			name = Release;
		};
/* End XCBuildConfiguration section */

/* Begin XCConfigurationList section */
		1DEB921E08733DC00010E9CD /* Build configuration list for PBXNativeTarget "MusiXmatch" */ = {
			isa = XCConfigurationList;
			buildConfigurations = (
				1DEB921F08733DC00010E9CD /* Debug */,
				1DEB922008733DC00010E9CD /* Release */,
			);
			defaultConfigurationIsVisible = 0;
			defaultConfigurationName = Release;
		};
		1DEB922208733DC00010E9CD /* Build configuration list for PBXProject "MusiXmatch" */ = {
			isa = XCConfigurationList;
			buildConfigurations = (
				1DEB922308733DC00010E9CD /* Debug */,
				1DEB922408733DC00010E9CD /* Release */,
			);
			defaultConfigurationIsVisible = 0;
			defaultConfigurationName = Release;
		};
		3070D40E1250ADB100676020 /* Build configuration list for PBXNativeTarget "TestDriver" */ = {
			isa = XCConfigurationList;
			buildConfigurations = (
				3070D40B1250AD8000676020 /* Debug */,
				3070D40C1250AD8000676020 /* Release */,
			);
			defaultConfigurationIsVisible = 0;
			defaultConfigurationName = Release;
		};
/* End XCConfigurationList section */
	};
	rootObject = 0867D690FE84028FC02AAC07 /* Project object */;
}
